<Solution>
  <Folder Name="/src/">
    <Project Path="GitSweep.Cli/GitSweep.Cli.csproj" />
    <Project Path="GitSweep.Core/GitSweep.Core.csproj" />
    <Project Path="GitSweep.Infrastructure/GitSweep.Infrastructure.csproj" />
  </Folder>
  <Folder Name="/tests/">
    <Project Path="GitSweep.Core.Tests/GitSweep.Core.Tests.csproj" />
    <Project Path="GitSweep.Infrastructure.Tests/GitSweep.Infrastructure.Tests.csproj" />
  </Folder>
</Solution>
